
Microsoft Visual Studio Solution File, Format Version 12.00
# Visual Studio Version 17
VisualStudioVersion = 17.9.34728.123
MinimumVisualStudioVersion = 10.0.40219.1
Project("{FAE04EC0-301F-11D3-BF4B-00C04F79EFBC}") = "ProjetoLed", "ProjetoLed\ProjetoLed.csproj", "{D2ACDCE3-A403-43B4-9576-12197614B391}"
EndProject
Project("{FAE04EC0-301F-11D3-BF4B-00C04F79EFBC}") = "BqBusNet", "..\..\..\Desktop\BqBusNet-master\BqBusNet\BqBusNet.csproj", "{C7DB89BC-43B8-4DA9-8DEE-F276FD105D0C}"
EndProject
Global
	GlobalSection(SolutionConfigurationPlatforms) = preSolution
		Debug|Any CPU = Debug|Any CPU
		Release|Any CPU = Release|Any CPU
	EndGlobalSection
	GlobalSection(ProjectConfigurationPlatforms) = postSolution
		{D2ACDCE3-A403-43B4-9576-12197614B391}.Debug|Any CPU.ActiveCfg = Debug|Any CPU
		{D2ACDCE3-A403-43B4-9576-12197614B391}.Debug|Any CPU.Build.0 = Debug|Any CPU
		{D2ACDCE3-A403-43B4-9576-12197614B391}.Release|Any CPU.ActiveCfg = Release|Any CPU
		{D2ACDCE3-A403-43B4-9576-12197614B391}.Release|Any CPU.Build.0 = Release|Any CPU
		{C7DB89BC-43B8-4DA9-8DEE-F276FD105D0C}.Debug|Any CPU.ActiveCfg = Debug|Any CPU
		{C7DB89BC-43B8-4DA9-8DEE-F276FD105D0C}.Debug|Any CPU.Build.0 = Debug|Any CPU
		{C7DB89BC-43B8-4DA9-8DEE-F276FD105D0C}.Release|Any CPU.ActiveCfg = Release|Any CPU
		{C7DB89BC-43B8-4DA9-8DEE-F276FD105D0C}.Release|Any CPU.Build.0 = Release|Any CPU
	EndGlobalSection
	GlobalSection(SolutionProperties) = preSolution
		HideSolutionNode = FALSE
	EndGlobalSection
	GlobalSection(ExtensibilityGlobals) = postSolution
		SolutionGuid = {279B03D5-EFEE-46C6-9147-75DE066DF6F3}
	EndGlobalSection
EndGlobal
